
Microsoft Visual Studio Solution File, Format Version 12.00
# Visual Studio Version 17
VisualStudioVersion = 17.13.35931.197
MinimumVisualStudioVersion = 10.0.40219.1
Project("{FAE04EC0-301F-11D3-BF4B-00C04F79EFBC}") = "AllTheBeans.API", "AllTheBeans.API\AllTheBeans.API.csproj", "{185385C2-FF4B-432F-8905-7806807A33EE}"
EndProject
Project("{FAE04EC0-301F-11D3-BF4B-00C04F79EFBC}") = "AllTheBeans.Domain", "AllTheBeans.Domain\AllTheBeans.Domain.csproj", "{DFFD9FB2-ABAA-4957-955C-4F8106AFCAED}"
EndProject
Project("{FAE04EC0-301F-11D3-BF4B-00C04F79EFBC}") = "AllTheBeans.Application", "AllTheBeans.Application\AllTheBeans.Application.csproj", "{76F3CD37-AA85-45CF-B123-F4EB923E1CDA}"
EndProject
Project("{FAE04EC0-301F-11D3-BF4B-00C04F79EFBC}") = "AllTheBeans.Infrastructure", "AllTheBeans.Infrastructure\AllTheBeans.Infrastructure.csproj", "{BF2611CF-8F45-4EF9-9955-407796B2C31F}"
EndProject
Project("{FAE04EC0-301F-11D3-BF4B-00C04F79EFBC}") = "AllTheBeans.Tests", "AllTheBeans.Tests\AllTheBeans.Tests.csproj", "{E84989EA-AADA-483F-9D7E-D4D7A7BEBBC3}"
EndProject
Global
	GlobalSection(SolutionConfigurationPlatforms) = preSolution
		Debug|Any CPU = Debug|Any CPU
		Release|Any CPU = Release|Any CPU
	EndGlobalSection
	GlobalSection(ProjectConfigurationPlatforms) = postSolution
		{185385C2-FF4B-432F-8905-7806807A33EE}.Debug|Any CPU.ActiveCfg = Debug|Any CPU
		{185385C2-FF4B-432F-8905-7806807A33EE}.Debug|Any CPU.Build.0 = Debug|Any CPU
		{185385C2-FF4B-432F-8905-7806807A33EE}.Release|Any CPU.ActiveCfg = Release|Any CPU
		{185385C2-FF4B-432F-8905-7806807A33EE}.Release|Any CPU.Build.0 = Release|Any CPU
		{DFFD9FB2-ABAA-4957-955C-4F8106AFCAED}.Debug|Any CPU.ActiveCfg = Debug|Any CPU
		{DFFD9FB2-ABAA-4957-955C-4F8106AFCAED}.Debug|Any CPU.Build.0 = Debug|Any CPU
		{DFFD9FB2-ABAA-4957-955C-4F8106AFCAED}.Release|Any CPU.ActiveCfg = Release|Any CPU
		{DFFD9FB2-ABAA-4957-955C-4F8106AFCAED}.Release|Any CPU.Build.0 = Release|Any CPU
		{76F3CD37-AA85-45CF-B123-F4EB923E1CDA}.Debug|Any CPU.ActiveCfg = Debug|Any CPU
		{76F3CD37-AA85-45CF-B123-F4EB923E1CDA}.Debug|Any CPU.Build.0 = Debug|Any CPU
		{76F3CD37-AA85-45CF-B123-F4EB923E1CDA}.Release|Any CPU.ActiveCfg = Release|Any CPU
		{76F3CD37-AA85-45CF-B123-F4EB923E1CDA}.Release|Any CPU.Build.0 = Release|Any CPU
		{BF2611CF-8F45-4EF9-9955-407796B2C31F}.Debug|Any CPU.ActiveCfg = Debug|Any CPU
		{BF2611CF-8F45-4EF9-9955-407796B2C31F}.Debug|Any CPU.Build.0 = Debug|Any CPU
		{BF2611CF-8F45-4EF9-9955-407796B2C31F}.Release|Any CPU.ActiveCfg = Release|Any CPU
		{BF2611CF-8F45-4EF9-9955-407796B2C31F}.Release|Any CPU.Build.0 = Release|Any CPU
		{E84989EA-AADA-483F-9D7E-D4D7A7BEBBC3}.Debug|Any CPU.ActiveCfg = Debug|Any CPU
		{E84989EA-AADA-483F-9D7E-D4D7A7BEBBC3}.Debug|Any CPU.Build.0 = Debug|Any CPU
		{E84989EA-AADA-483F-9D7E-D4D7A7BEBBC3}.Release|Any CPU.ActiveCfg = Release|Any CPU
		{E84989EA-AADA-483F-9D7E-D4D7A7BEBBC3}.Release|Any CPU.Build.0 = Release|Any CPU
	EndGlobalSection
	GlobalSection(SolutionProperties) = preSolution
		HideSolutionNode = FALSE
	EndGlobalSection
	GlobalSection(ExtensibilityGlobals) = postSolution
		SolutionGuid = {0B912CE7-EE53-4109-B230-F95FD819E26C}
	EndGlobalSection
EndGlobal
